
Microsoft Visual Studio Solution File, Format Version 12.00
# Visual Studio Version 17
VisualStudioVersion = 17.1.32319.34
MinimumVisualStudioVersion = 10.0.40219.1
Project("{FAE04EC0-301F-11D3-BF4B-00C04F79EFBC}") = "CibiPreferiti", "CibiPreferiti\CibiPreferiti.csproj", "{AA86F0B5-5E04-4868-BDBF-AA7754486223}"
EndProject
Global
	GlobalSection(SolutionConfigurationPlatforms) = preSolution
		Debug|Any CPU = Debug|Any CPU
		Release|Any CPU = Release|Any CPU
	EndGlobalSection
	GlobalSection(ProjectConfigurationPlatforms) = postSolution
		{AA86F0B5-5E04-4868-BDBF-AA7754486223}.Debug|Any CPU.ActiveCfg = Debug|Any CPU
		{AA86F0B5-5E04-4868-BDBF-AA7754486223}.Debug|Any CPU.Build.0 = Debug|Any CPU
		{AA86F0B5-5E04-4868-BDBF-AA7754486223}.Release|Any CPU.ActiveCfg = Release|Any CPU
		{AA86F0B5-5E04-4868-BDBF-AA7754486223}.Release|Any CPU.Build.0 = Release|Any CPU
	EndGlobalSection
	GlobalSection(SolutionProperties) = preSolution
		HideSolutionNode = FALSE
	EndGlobalSection
	GlobalSection(ExtensibilityGlobals) = postSolution
		SolutionGuid = {FE1B0383-C791-472F-A25F-7DF448795272}
	EndGlobalSection
EndGlobal
